{
  "name": "heimao22",
  "version": "1.0.0",
  "lockfileVersion": 2,
  "requires": true,
  "packages": {
    "": {
      "name": "heimao22",
      "version": "1.0.0",
      "license": "MIT",
      "dependencies": {
        "playwright": "^1.25.2",
        "xlsx": "https://cdn.sheetjs.com/xlsx-latest/xlsx-latest.tgz"
      },
      "devDependencies": {
        "@playwright/test": "^1.25.2"
      }
    },
    "node_modules/@playwright/test": {
      "version": "1.25.2",
      "resolved": "http://npm.shopee.io/@playwright%2ftest/-/test-1.25.2.tgz",
      "integrity": "sha512-6qPznIR4Fw02OMbqXUPMG6bFFg1hDVNEdihKy0t9K0dmRbus1DyP5Q5XFQhGwEHQkLG5hrSfBuu9CW/foqhQHQ==",
      "dev": true,
      "license": "Apache-2.0",
      "dependencies": {
        "@types/node": "*",
        "playwright-core": "1.25.2"
      },
      "bin": {
        "playwright": "cli.js"
      },
      "engines": {
        "node": ">=14"
      }
    },
    "node_modules/@types/node": {
      "version": "18.7.16",
      "resolved": "http://npm.shopee.io/@types%2fnode/-/node-18.7.16.tgz",
      "integrity": "sha512-EQHhixfu+mkqHMZl1R2Ovuvn47PUw18azMJOTwSZr9/fhzHNGXAJ0ma0dayRVchprpCj0Kc1K1xKoWaATWF1qg==",
      "dev": true,
      "license": "MIT"
    },
    "node_modules/playwright": {
      "version": "1.25.2",
      "resolved": "https://npm.shopee.io/playwright/-/playwright-1.25.2.tgz",
      "integrity": "sha512-RwMB5SFRV/8wSfK+tK8ycpqdzORvoqUNz9DUeRfSgZFrZej5uuBl9wFjWcc+OkXFEtaPmx1acAVGG7hA4IJ1kg==",
      "hasInstallScript": true,
      "license": "Apache-2.0",
      "dependencies": {
        "playwright-core": "1.25.2"
      },
      "bin": {
        "playwright": "cli.js"
      },
      "engines": {
        "node": ">=14"
      }
    },
    "node_modules/playwright-core": {
      "version": "1.25.2",
      "resolved": "http://npm.shopee.io/playwright-core/-/playwright-core-1.25.2.tgz",
      "integrity": "sha512-0yTbUE9lIddkEpLHL3u8PoCL+pWiZtj5A/j3U7YoNjcmKKDGBnCrgHJMzwd2J5vy6l28q4ki3JIuz7McLHhl1A==",
      "license": "Apache-2.0",
      "bin": {
        "playwright": "cli.js"
      },
      "engines": {
        "node": ">=14"
      }
    },
    "node_modules/xlsx": {
      "version": "0.18.11",
      "resolved": "https://cdn.sheetjs.com/xlsx-latest/xlsx-latest.tgz",
      "integrity": "sha512-+q621V6l7SsX4c07IFLlW4f7HbblWrrNJMQmVobWKGPmIE7aFIkHFslclK1S75AEjk0L/Y0oupN/aroqONtIyg==",
      "license": "Apache-2.0",
      "bin": {
        "xlsx": "bin/xlsx.njs"
      },
      "engines": {
        "node": ">=0.8"
      }
    }
  },
  "dependencies": {
    "@playwright/test": {
      "version": "1.25.2",
      "resolved": "http://npm.shopee.io/@playwright%2ftest/-/test-1.25.2.tgz",
      "integrity": "sha512-6qPznIR4Fw02OMbqXUPMG6bFFg1hDVNEdihKy0t9K0dmRbus1DyP5Q5XFQhGwEHQkLG5hrSfBuu9CW/foqhQHQ==",
      "dev": true,
      "requires": {
        "@types/node": "*",
        "playwright-core": "1.25.2"
      }
    },
    "@types/node": {
      "version": "18.7.16",
      "resolved": "http://npm.shopee.io/@types%2fnode/-/node-18.7.16.tgz",
      "integrity": "sha512-EQHhixfu+mkqHMZl1R2Ovuvn47PUw18azMJOTwSZr9/fhzHNGXAJ0ma0dayRVchprpCj0Kc1K1xKoWaATWF1qg==",
      "dev": true
    },
    "playwright": {
      "version": "1.25.2",
      "resolved": "https://npm.shopee.io/playwright/-/playwright-1.25.2.tgz",
      "integrity": "sha512-RwMB5SFRV/8wSfK+tK8ycpqdzORvoqUNz9DUeRfSgZFrZej5uuBl9wFjWcc+OkXFEtaPmx1acAVGG7hA4IJ1kg==",
      "requires": {
        "playwright-core": "1.25.2"
      }
    },
    "playwright-core": {
      "version": "1.25.2",
      "resolved": "http://npm.shopee.io/playwright-core/-/playwright-core-1.25.2.tgz",
      "integrity": "sha512-0yTbUE9lIddkEpLHL3u8PoCL+pWiZtj5A/j3U7YoNjcmKKDGBnCrgHJMzwd2J5vy6l28q4ki3JIuz7McLHhl1A=="
    },
    "xlsx": {
      "version": "https://cdn.sheetjs.com/xlsx-latest/xlsx-latest.tgz",
      "integrity": "sha512-+q621V6l7SsX4c07IFLlW4f7HbblWrrNJMQmVobWKGPmIE7aFIkHFslclK1S75AEjk0L/Y0oupN/aroqONtIyg=="
    }
  }
}
